// !$*UTF8*$!
{
	archiveVersion = 1;
	classes = {
	};
	objectVersion = 56;
	objects = {

/* Begin PBXBuildFile section */
		DD78201E2D6597DE0058522D /* TaskData.xcdatamodeld in Sources */ = {isa = PBXBuildFile; fileRef = DD78201C2D6597DE0058522D /* TaskData.xcdatamodeld */; };
		DD7820212D6598200058522D /* Todo+CoreDataClass.swift in Sources */ = {isa = PBXBuildFile; fileRef = DD78201F2D6598200058522D /* Todo+CoreDataClass.swift */; };
		DD7820222D6598200058522D /* Todo+CoreDataProperties.swift in Sources */ = {isa = PBXBuildFile; fileRef = DD7820202D6598200058522D /* Todo+CoreDataProperties.swift */; };
		DDAB58702D62D62C00DA7C28 /* RxSwift in Frameworks */ = {isa = PBXBuildFile; productRef = DDAB586F2D62D62C00DA7C28 /* RxSwift */; };
		DDAB58722D62D69400DA7C28 /* RxCocoa in Frameworks */ = {isa = PBXBuildFile; productRef = DDAB58712D62D69400DA7C28 /* RxCocoa */; };
		DDCC1F022D62B0E20006C15E /* TodoListApp.swift in Sources */ = {isa = PBXBuildFile; fileRef = DDCC1F012D62B0E20006C15E /* TodoListApp.swift */; };
		DDCC1F042D62B0E20006C15E /* ContentView.swift in Sources */ = {isa = PBXBuildFile; fileRef = DDCC1F032D62B0E20006C15E /* ContentView.swift */; };
		DDCC1F062D62B0E40006C15E /* Assets.xcassets in Resources */ = {isa = PBXBuildFile; fileRef = DDCC1F052D62B0E40006C15E /* Assets.xcassets */; };
		DDCC1F092D62B0E40006C15E /* Preview Assets.xcassets in Resources */ = {isa = PBXBuildFile; fileRef = DDCC1F082D62B0E40006C15E /* Preview Assets.xcassets */; };
		DDCC1F102D62B12E0006C15E /* HomeView.swift in Sources */ = {isa = PBXBuildFile; fileRef = DDCC1F0F2D62B12D0006C15E /* HomeView.swift */; };
		DDCC1F122D62B90A0006C15E /* RadioButton.swift in Sources */ = {isa = PBXBuildFile; fileRef = DDCC1F112D62B90A0006C15E /* RadioButton.swift */; };
		DDCC1F142D62C4DE0006C15E /* TodoStorage.swift in Sources */ = {isa = PBXBuildFile; fileRef = DDCC1F132D62C4DE0006C15E /* TodoStorage.swift */; };
		DDD8A7502D64CE2500EBF1F0 /* CoreDataManager.swift in Sources */ = {isa = PBXBuildFile; fileRef = DDD8A74F2D64CE2500EBF1F0 /* CoreDataManager.swift */; };
/* End PBXBuildFile section */

/* Begin PBXFileReference section */
		DD78201D2D6597DE0058522D /* TaskData.xcdatamodel */ = {isa = PBXFileReference; lastKnownFileType = wrapper.xcdatamodel; path = TaskData.xcdatamodel; sourceTree = "<group>"; };
		DD78201F2D6598200058522D /* Todo+CoreDataClass.swift */ = {isa = PBXFileReference; lastKnownFileType = sourcecode.swift; path = "Todo+CoreDataClass.swift"; sourceTree = "<group>"; };
		DD7820202D6598200058522D /* Todo+CoreDataProperties.swift */ = {isa = PBXFileReference; lastKnownFileType = sourcecode.swift; path = "Todo+CoreDataProperties.swift"; sourceTree = "<group>"; };
		DDCC1EFE2D62B0E20006C15E /* TodoList.app */ = {isa = PBXFileReference; explicitFileType = wrapper.application; includeInIndex = 0; path = TodoList.app; sourceTree = BUILT_PRODUCTS_DIR; };
		DDCC1F012D62B0E20006C15E /* TodoListApp.swift */ = {isa = PBXFileReference; lastKnownFileType = sourcecode.swift; path = TodoListApp.swift; sourceTree = "<group>"; };
		DDCC1F032D62B0E20006C15E /* ContentView.swift */ = {isa = PBXFileReference; lastKnownFileType = sourcecode.swift; path = ContentView.swift; sourceTree = "<group>"; };
		DDCC1F052D62B0E40006C15E /* Assets.xcassets */ = {isa = PBXFileReference; lastKnownFileType = folder.assetcatalog; path = Assets.xcassets; sourceTree = "<group>"; };
		DDCC1F082D62B0E40006C15E /* Preview Assets.xcassets */ = {isa = PBXFileReference; lastKnownFileType = folder.assetcatalog; path = "Preview Assets.xcassets"; sourceTree = "<group>"; };
		DDCC1F0F2D62B12D0006C15E /* HomeView.swift */ = {isa = PBXFileReference; lastKnownFileType = sourcecode.swift; path = HomeView.swift; sourceTree = "<group>"; };
		DDCC1F112D62B90A0006C15E /* RadioButton.swift */ = {isa = PBXFileReference; lastKnownFileType = sourcecode.swift; path = RadioButton.swift; sourceTree = "<group>"; };
		DDCC1F132D62C4DE0006C15E /* TodoStorage.swift */ = {isa = PBXFileReference; lastKnownFileType = sourcecode.swift; path = TodoStorage.swift; sourceTree = "<group>"; };
		DDD8A74F2D64CE2500EBF1F0 /* CoreDataManager.swift */ = {isa = PBXFileReference; lastKnownFileType = sourcecode.swift; path = CoreDataManager.swift; sourceTree = "<group>"; };
/* End PBXFileReference section */

/* Begin PBXFrameworksBuildPhase section */
		DDCC1EFB2D62B0E20006C15E /* Frameworks */ = {
			isa = PBXFrameworksBuildPhase;
			buildActionMask = 2147483647;
			files = (
				DDAB58722D62D69400DA7C28 /* RxCocoa in Frameworks */,
				DDAB58702D62D62C00DA7C28 /* RxSwift in Frameworks */,
			);
			runOnlyForDeploymentPostprocessing = 0;
		};
/* End PBXFrameworksBuildPhase section */

/* Begin PBXGroup section */
		DDAB586E2D62D62C00DA7C28 /* Frameworks */ = {
			isa = PBXGroup;
			children = (
			);
			name = Frameworks;
			sourceTree = "<group>";
		};
		DDCC1EF52D62B0E20006C15E = {
			isa = PBXGroup;
			children = (
				DDCC1F002D62B0E20006C15E /* TodoList */,
				DDCC1EFF2D62B0E20006C15E /* Products */,
				DDAB586E2D62D62C00DA7C28 /* Frameworks */,
			);
			sourceTree = "<group>";
		};
		DDCC1EFF2D62B0E20006C15E /* Products */ = {
			isa = PBXGroup;
			children = (
				DDCC1EFE2D62B0E20006C15E /* TodoList.app */,
			);
			name = Products;
			sourceTree = "<group>";
		};
		DDCC1F002D62B0E20006C15E /* TodoList */ = {
			isa = PBXGroup;
			children = (
				DDD8A7582D64D61800EBF1F0 /* CoreData */,
				DDCC1F012D62B0E20006C15E /* TodoListApp.swift */,
				DDCC1F032D62B0E20006C15E /* ContentView.swift */,
				DDCC1F0F2D62B12D0006C15E /* HomeView.swift */,
				DDCC1F052D62B0E40006C15E /* Assets.xcassets */,
				DDCC1F112D62B90A0006C15E /* RadioButton.swift */,
				DDCC1F132D62C4DE0006C15E /* TodoStorage.swift */,
				DDD8A74F2D64CE2500EBF1F0 /* CoreDataManager.swift */,
				DDCC1F072D62B0E40006C15E /* Preview Content */,
			);
			path = TodoList;
			sourceTree = "<group>";
		};
		DDCC1F072D62B0E40006C15E /* Preview Content */ = {
			isa = PBXGroup;
			children = (
				DDCC1F082D62B0E40006C15E /* Preview Assets.xcassets */,
			);
			path = "Preview Content";
			sourceTree = "<group>";
		};
		DDD8A7582D64D61800EBF1F0 /* CoreData */ = {
			isa = PBXGroup;
			children = (
				DD78201F2D6598200058522D /* Todo+CoreDataClass.swift */,
				DD7820202D6598200058522D /* Todo+CoreDataProperties.swift */,
				DD78201C2D6597DE0058522D /* TaskData.xcdatamodeld */,
			);
			path = CoreData;
			sourceTree = "<group>";
		};
/* End PBXGroup section */

/* Begin PBXNativeTarget section */
		DDCC1EFD2D62B0E20006C15E /* TodoList */ = {
			isa = PBXNativeTarget;
			buildConfigurationList = DDCC1F0C2D62B0E40006C15E /* Build configuration list for PBXNativeTarget "TodoList" */;
			buildPhases = (
				DDCC1EFA2D62B0E20006C15E /* Sources */,
				DDCC1EFB2D62B0E20006C15E /* Frameworks */,
				DDCC1EFC2D62B0E20006C15E /* Resources */,
			);
			buildRules = (
			);
			dependencies = (
			);
			name = TodoList;
			packageProductDependencies = (
				DDAB586F2D62D62C00DA7C28 /* RxSwift */,
				DDAB58712D62D69400DA7C28 /* RxCocoa */,
			);
			productName = TodoList;
			productReference = DDCC1EFE2D62B0E20006C15E /* TodoList.app */;
			productType = "com.apple.product-type.application";
		};
/* End PBXNativeTarget section */

/* Begin PBXProject section */
		DDCC1EF62D62B0E20006C15E /* Project object */ = {
			isa = PBXProject;
			attributes = {
				BuildIndependentTargetsInParallel = 1;
				LastSwiftUpdateCheck = 1540;
				LastUpgradeCheck = 1540;
				TargetAttributes = {
					DDCC1EFD2D62B0E20006C15E = {
						CreatedOnToolsVersion = 15.4;
					};
				};
			};
			buildConfigurationList = DDCC1EF92D62B0E20006C15E /* Build configuration list for PBXProject "TodoList" */;
			compatibilityVersion = "Xcode 14.0";
			developmentRegion = en;
			hasScannedForEncodings = 0;
			knownRegions = (
				en,
				Base,
			);
			mainGroup = DDCC1EF52D62B0E20006C15E;
			packageReferences = (
				DDCC1F152D62C5EB0006C15E /* XCRemoteSwiftPackageReference "RxSwift" */,
			);
			productRefGroup = DDCC1EFF2D62B0E20006C15E /* Products */;
			projectDirPath = "";
			projectRoot = "";
			targets = (
				DDCC1EFD2D62B0E20006C15E /* TodoList */,
			);
		};
/* End PBXProject section */

/* Begin PBXResourcesBuildPhase section */
		DDCC1EFC2D62B0E20006C15E /* Resources */ = {
			isa = PBXResourcesBuildPhase;
			buildActionMask = 2147483647;
			files = (
				DDCC1F092D62B0E40006C15E /* Preview Assets.xcassets in Resources */,
				DDCC1F062D62B0E40006C15E /* Assets.xcassets in Resources */,
			);
			runOnlyForDeploymentPostprocessing = 0;
		};
/* End PBXResourcesBuildPhase section */

/* Begin PBXSourcesBuildPhase section */
		DDCC1EFA2D62B0E20006C15E /* Sources */ = {
			isa = PBXSourcesBuildPhase;
			buildActionMask = 2147483647;
			files = (
				DDCC1F042D62B0E20006C15E /* ContentView.swift in Sources */,
				DDCC1F142D62C4DE0006C15E /* TodoStorage.swift in Sources */,
				DD78201E2D6597DE0058522D /* TaskData.xcdatamodeld in Sources */,
				DDCC1F102D62B12E0006C15E /* HomeView.swift in Sources */,
				DDD8A7502D64CE2500EBF1F0 /* CoreDataManager.swift in Sources */,
				DDCC1F022D62B0E20006C15E /* TodoListApp.swift in Sources */,
				DD7820212D6598200058522D /* Todo+CoreDataClass.swift in Sources */,
				DD7820222D6598200058522D /* Todo+CoreDataProperties.swift in Sources */,
				DDCC1F122D62B90A0006C15E /* RadioButton.swift in Sources */,
			);
			runOnlyForDeploymentPostprocessing = 0;
		};
/* End PBXSourcesBuildPhase section */

/* Begin XCBuildConfiguration section */
		DDCC1F0A2D62B0E40006C15E /* Debug */ = {
			isa = XCBuildConfiguration;
			buildSettings = {
				ALWAYS_SEARCH_USER_PATHS = NO;
				ASSETCATALOG_COMPILER_GENERATE_SWIFT_ASSET_SYMBOL_EXTENSIONS = YES;
				CLANG_ANALYZER_NONNULL = YES;
				CLANG_ANALYZER_NUMBER_OBJECT_CONVERSION = YES_AGGRESSIVE;
				CLANG_CXX_LANGUAGE_STANDARD = "gnu++20";
				CLANG_ENABLE_MODULES = YES;
				CLANG_ENABLE_OBJC_ARC = YES;
				CLANG_ENABLE_OBJC_WEAK = YES;
				CLANG_WARN_BLOCK_CAPTURE_AUTORELEASING = YES;
				CLANG_WARN_BOOL_CONVERSION = YES;
				CLANG_WARN_COMMA = YES;
				CLANG_WARN_CONSTANT_CONVERSION = YES;
				CLANG_WARN_DEPRECATED_OBJC_IMPLEMENTATIONS = YES;
				CLANG_WARN_DIRECT_OBJC_ISA_USAGE = YES_ERROR;
				CLANG_WARN_DOCUMENTATION_COMMENTS = YES;
				CLANG_WARN_EMPTY_BODY = YES;
				CLANG_WARN_ENUM_CONVERSION = YES;
				CLANG_WARN_INFINITE_RECURSION = YES;
				CLANG_WARN_INT_CONVERSION = YES;
				CLANG_WARN_NON_LITERAL_NULL_CONVERSION = YES;
				CLANG_WARN_OBJC_IMPLICIT_RETAIN_SELF = YES;
				CLANG_WARN_OBJC_LITERAL_CONVERSION = YES;
				CLANG_WARN_OBJC_ROOT_CLASS = YES_ERROR;
				CLANG_WARN_QUOTED_INCLUDE_IN_FRAMEWORK_HEADER = YES;
				CLANG_WARN_RANGE_LOOP_ANALYSIS = YES;
				CLANG_WARN_STRICT_PROTOTYPES = YES;
				CLANG_WARN_SUSPICIOUS_MOVE = YES;
				CLANG_WARN_UNGUARDED_AVAILABILITY = YES_AGGRESSIVE;
				CLANG_WARN_UNREACHABLE_CODE = YES;
				CLANG_WARN__DUPLICATE_METHOD_MATCH = YES;
				COPY_PHASE_STRIP = NO;
				DEBUG_INFORMATION_FORMAT = dwarf;
				ENABLE_STRICT_OBJC_MSGSEND = YES;
				ENABLE_TESTABILITY = YES;
				ENABLE_USER_SCRIPT_SANDBOXING = YES;
				GCC_C_LANGUAGE_STANDARD = gnu17;
				GCC_DYNAMIC_NO_PIC = NO;
				GCC_NO_COMMON_BLOCKS = YES;
				GCC_OPTIMIZATION_LEVEL = 0;
				GCC_PREPROCESSOR_DEFINITIONS = (
					"DEBUG=1",
					"$(inherited)",
				);
				GCC_WARN_64_TO_32_BIT_CONVERSION = YES;
				GCC_WARN_ABOUT_RETURN_TYPE = YES_ERROR;
				GCC_WARN_UNDECLARED_SELECTOR = YES;
				GCC_WARN_UNINITIALIZED_AUTOS = YES_AGGRESSIVE;
				GCC_WARN_UNUSED_FUNCTION = YES;
				GCC_WARN_UNUSED_VARIABLE = YES;
				IPHONEOS_DEPLOYMENT_TARGET = 17.5;
				LOCALIZATION_PREFERS_STRING_CATALOGS = YES;
				MTL_ENABLE_DEBUG_INFO = INCLUDE_SOURCE;
				MTL_FAST_MATH = YES;
				ONLY_ACTIVE_ARCH = YES;
				SDKROOT = iphoneos;
				SWIFT_ACTIVE_COMPILATION_CONDITIONS = "DEBUG $(inherited)";
				SWIFT_OPTIMIZATION_LEVEL = "-Onone";
			};
			name = Debug;
		};
		DDCC1F0B2D62B0E40006C15E /* Release */ = {
			isa = XCBuildConfiguration;
			buildSettings = {
				ALWAYS_SEARCH_USER_PATHS = NO;
				ASSETCATALOG_COMPILER_GENERATE_SWIFT_ASSET_SYMBOL_EXTENSIONS = YES;
				CLANG_ANALYZER_NONNULL = YES;
				CLANG_ANALYZER_NUMBER_OBJECT_CONVERSION = YES_AGGRESSIVE;
				CLANG_CXX_LANGUAGE_STANDARD = "gnu++20";
				CLANG_ENABLE_MODULES = YES;
				CLANG_ENABLE_OBJC_ARC = YES;
				CLANG_ENABLE_OBJC_WEAK = YES;
				CLANG_WARN_BLOCK_CAPTURE_AUTORELEASING = YES;
				CLANG_WARN_BOOL_CONVERSION = YES;
				CLANG_WARN_COMMA = YES;
				CLANG_WARN_CONSTANT_CONVERSION = YES;
				CLANG_WARN_DEPRECATED_OBJC_IMPLEMENTATIONS = YES;
				CLANG_WARN_DIRECT_OBJC_ISA_USAGE = YES_ERROR;
				CLANG_WARN_DOCUMENTATION_COMMENTS = YES;
				CLANG_WARN_EMPTY_BODY = YES;
				CLANG_WARN_ENUM_CONVERSION = YES;
				CLANG_WARN_INFINITE_RECURSION = YES;
				CLANG_WARN_INT_CONVERSION = YES;
				CLANG_WARN_NON_LITERAL_NULL_CONVERSION = YES;
				CLANG_WARN_OBJC_IMPLICIT_RETAIN_SELF = YES;
				CLANG_WARN_OBJC_LITERAL_CONVERSION = YES;
				CLANG_WARN_OBJC_ROOT_CLASS = YES_ERROR;
				CLANG_WARN_QUOTED_INCLUDE_IN_FRAMEWORK_HEADER = YES;
				CLANG_WARN_RANGE_LOOP_ANALYSIS = YES;
				CLANG_WARN_STRICT_PROTOTYPES = YES;
				CLANG_WARN_SUSPICIOUS_MOVE = YES;
				CLANG_WARN_UNGUARDED_AVAILABILITY = YES_AGGRESSIVE;
				CLANG_WARN_UNREACHABLE_CODE = YES;
				CLANG_WARN__DUPLICATE_METHOD_MATCH = YES;
				COPY_PHASE_STRIP = NO;
				DEBUG_INFORMATION_FORMAT = "dwarf-with-dsym";
				ENABLE_NS_ASSERTIONS = NO;
				ENABLE_STRICT_OBJC_MSGSEND = YES;
				ENABLE_USER_SCRIPT_SANDBOXING = YES;
				GCC_C_LANGUAGE_STANDARD = gnu17;
				GCC_NO_COMMON_BLOCKS = YES;
				GCC_WARN_64_TO_32_BIT_CONVERSION = YES;
				GCC_WARN_ABOUT_RETURN_TYPE = YES_ERROR;
				GCC_WARN_UNDECLARED_SELECTOR = YES;
				GCC_WARN_UNINITIALIZED_AUTOS = YES_AGGRESSIVE;
				GCC_WARN_UNUSED_FUNCTION = YES;
				GCC_WARN_UNUSED_VARIABLE = YES;
				IPHONEOS_DEPLOYMENT_TARGET = 17.5;
				LOCALIZATION_PREFERS_STRING_CATALOGS = YES;
				MTL_ENABLE_DEBUG_INFO = NO;
				MTL_FAST_MATH = YES;
				SDKROOT = iphoneos;
				SWIFT_COMPILATION_MODE = wholemodule;
				VALIDATE_PRODUCT = YES;
			};
			name = Release;
		};
		DDCC1F0D2D62B0E40006C15E /* Debug */ = {
			isa = XCBuildConfiguration;
			buildSettings = {
				ASSETCATALOG_COMPILER_APPICON_NAME = AppIcon;
				ASSETCATALOG_COMPILER_GLOBAL_ACCENT_COLOR_NAME = AccentColor;
				CODE_SIGN_STYLE = Automatic;
				CURRENT_PROJECT_VERSION = 1;
				DEVELOPMENT_ASSET_PATHS = "\"TodoList/Preview Content\"";
				DEVELOPMENT_TEAM = LUN7S66RTN;
				ENABLE_PREVIEWS = YES;
				GENERATE_INFOPLIST_FILE = YES;
				INFOPLIST_KEY_UIApplicationSceneManifest_Generation = YES;
				INFOPLIST_KEY_UIApplicationSupportsIndirectInputEvents = YES;
				INFOPLIST_KEY_UILaunchScreen_Generation = YES;
				INFOPLIST_KEY_UISupportedInterfaceOrientations_iPad = "UIInterfaceOrientationPortrait UIInterfaceOrientationPortraitUpsideDown UIInterfaceOrientationLandscapeLeft UIInterfaceOrientationLandscapeRight";
				INFOPLIST_KEY_UISupportedInterfaceOrientations_iPhone = "UIInterfaceOrientationPortrait UIInterfaceOrientationLandscapeLeft UIInterfaceOrientationLandscapeRight";
				LD_RUNPATH_SEARCH_PATHS = (
					"$(inherited)",
					"@executable_path/Frameworks",
				);
				MARKETING_VERSION = 1.0;
				PRODUCT_BUNDLE_IDENTIFIER = com.dwistari.TodoList;
				PRODUCT_NAME = "$(TARGET_NAME)";
				SWIFT_EMIT_LOC_STRINGS = YES;
				SWIFT_VERSION = 5.0;
				TARGETED_DEVICE_FAMILY = "1,2";
			};
			name = Debug;
		};
		DDCC1F0E2D62B0E40006C15E /* Release */ = {
			isa = XCBuildConfiguration;
			buildSettings = {
				ASSETCATALOG_COMPILER_APPICON_NAME = AppIcon;
				ASSETCATALOG_COMPILER_GLOBAL_ACCENT_COLOR_NAME = AccentColor;
				CODE_SIGN_STYLE = Automatic;
				CURRENT_PROJECT_VERSION = 1;
				DEVELOPMENT_ASSET_PATHS = "\"TodoList/Preview Content\"";
				DEVELOPMENT_TEAM = LUN7S66RTN;
				ENABLE_PREVIEWS = YES;
				GENERATE_INFOPLIST_FILE = YES;
				INFOPLIST_KEY_UIApplicationSceneManifest_Generation = YES;
				INFOPLIST_KEY_UIApplicationSupportsIndirectInputEvents = YES;
				INFOPLIST_KEY_UILaunchScreen_Generation = YES;
				INFOPLIST_KEY_UISupportedInterfaceOrientations_iPad = "UIInterfaceOrientationPortrait UIInterfaceOrientationPortraitUpsideDown UIInterfaceOrientationLandscapeLeft UIInterfaceOrientationLandscapeRight";
				INFOPLIST_KEY_UISupportedInterfaceOrientations_iPhone = "UIInterfaceOrientationPortrait UIInterfaceOrientationLandscapeLeft UIInterfaceOrientationLandscapeRight";
				LD_RUNPATH_SEARCH_PATHS = (
					"$(inherited)",
					"@executable_path/Frameworks",
				);
				MARKETING_VERSION = 1.0;
				PRODUCT_BUNDLE_IDENTIFIER = com.dwistari.TodoList;
				PRODUCT_NAME = "$(TARGET_NAME)";
				SWIFT_EMIT_LOC_STRINGS = YES;
				SWIFT_VERSION = 5.0;
				TARGETED_DEVICE_FAMILY = "1,2";
			};
			name = Release;
		};
/* End XCBuildConfiguration section */

/* Begin XCConfigurationList section */
		DDCC1EF92D62B0E20006C15E /* Build configuration list for PBXProject "TodoList" */ = {
			isa = XCConfigurationList;
			buildConfigurations = (
				DDCC1F0A2D62B0E40006C15E /* Debug */,
				DDCC1F0B2D62B0E40006C15E /* Release */,
			);
			defaultConfigurationIsVisible = 0;
			defaultConfigurationName = Release;
		};
		DDCC1F0C2D62B0E40006C15E /* Build configuration list for PBXNativeTarget "TodoList" */ = {
			isa = XCConfigurationList;
			buildConfigurations = (
				DDCC1F0D2D62B0E40006C15E /* Debug */,
				DDCC1F0E2D62B0E40006C15E /* Release */,
			);
			defaultConfigurationIsVisible = 0;
			defaultConfigurationName = Release;
		};
/* End XCConfigurationList section */

/* Begin XCRemoteSwiftPackageReference section */
		DDCC1F152D62C5EB0006C15E /* XCRemoteSwiftPackageReference "RxSwift" */ = {
			isa = XCRemoteSwiftPackageReference;
			repositoryURL = "https://github.com/ReactiveX/RxSwift";
			requirement = {
				kind = upToNextMajorVersion;
				minimumVersion = 6.8.0;
			};
		};
/* End XCRemoteSwiftPackageReference section */

/* Begin XCSwiftPackageProductDependency section */
		DDAB586F2D62D62C00DA7C28 /* RxSwift */ = {
			isa = XCSwiftPackageProductDependency;
			package = DDCC1F152D62C5EB0006C15E /* XCRemoteSwiftPackageReference "RxSwift" */;
			productName = RxSwift;
		};
		DDAB58712D62D69400DA7C28 /* RxCocoa */ = {
			isa = XCSwiftPackageProductDependency;
			package = DDCC1F152D62C5EB0006C15E /* XCRemoteSwiftPackageReference "RxSwift" */;
			productName = RxCocoa;
		};
/* End XCSwiftPackageProductDependency section */

/* Begin XCVersionGroup section */
		DD78201C2D6597DE0058522D /* TaskData.xcdatamodeld */ = {
			isa = XCVersionGroup;
			children = (
				DD78201D2D6597DE0058522D /* TaskData.xcdatamodel */,
			);
			currentVersion = DD78201D2D6597DE0058522D /* TaskData.xcdatamodel */;
			name = TaskData.xcdatamodeld;
			path = /Users/dwistari/Documents/Development/iOS/TodoList/TodoList/CoreData/TaskData.xcdatamodeld;
			sourceTree = "<group>";
			versionGroupType = wrapper.xcdatamodel;
		};
/* End XCVersionGroup section */
	};
	rootObject = DDCC1EF62D62B0E20006C15E /* Project object */;
}
